
Microsoft Visual Studio Solution File, Format Version 12.00
# Visual Studio Version 16
VisualStudioVersion = 16.0.32228.343
MinimumVisualStudioVersion = 10.0.40219.1
Project("{FAE04EC0-301F-11D3-BF4B-00C04F79EFBC}") = "ConsoleApp", "ConsoleApp\ConsoleApp.csproj", "{40502A5F-06DB-454E-8405-6381ADDB2A8D}"
EndProject
Project("{FAE04EC0-301F-11D3-BF4B-00C04F79EFBC}") = "DataBase", "DataBase\DataBase.csproj", "{0D33DC1A-049C-4213-86F3-D8B2ECC0E0D2}"
EndProject
Project("{FAE04EC0-301F-11D3-BF4B-00C04F79EFBC}") = "BusinessLayer", "BusinessLayer\BusinessLayer.csproj", "{2F2C4044-F820-438A-9557-75F83E7E59C7}"
EndProject
Project("{FAE04EC0-301F-11D3-BF4B-00C04F79EFBC}") = "CommonLayer", "CommonLayer\CommonLayer.csproj", "{5C2B09B4-4411-4AAF-B94F-68A0F5E996CA}"
EndProject
Project("{9A19103F-16F7-4668-BE54-9A1E7A4F7556}") = "WpfApp1", "WpfApp1\WpfApp1.csproj", "{D2070096-EE60-475F-852D-D357DBFF38D7}"
EndProject
Project("{FAE04EC0-301F-11D3-BF4B-00C04F79EFBC}") = "DataAccess", "DataAccess\DataAccess.csproj", "{8F84795C-141E-4E6C-8C56-3804046BE37D}"
EndProject
Project("{FAE04EC0-301F-11D3-BF4B-00C04F79EFBC}") = "Decorators", "Decorators\Decorators.csproj", "{308E057F-FB85-4222-8CBE-521CCCA94719}"
EndProject
Project("{FAE04EC0-301F-11D3-BF4B-00C04F79EFBC}") = "DataReader.businessLayer.Tests", "DataPresentation\DataReader.businessLayer.Tests.csproj", "{3DD4D9C5-7745-414F-9AF2-CF7AC3C465D1}"
EndProject
Project("{FAE04EC0-301F-11D3-BF4B-00C04F79EFBC}") = "CSVData", "CSVData\CSVData.csproj", "{3FCF0ED4-D777-4B16-A4A6-7D2FE92389B7}"
EndProject
Global
	GlobalSection(SolutionConfigurationPlatforms) = preSolution
		Debug|Any CPU = Debug|Any CPU
		Release|Any CPU = Release|Any CPU
	EndGlobalSection
	GlobalSection(ProjectConfigurationPlatforms) = postSolution
		{40502A5F-06DB-454E-8405-6381ADDB2A8D}.Debug|Any CPU.ActiveCfg = Debug|Any CPU
		{40502A5F-06DB-454E-8405-6381ADDB2A8D}.Debug|Any CPU.Build.0 = Debug|Any CPU
		{40502A5F-06DB-454E-8405-6381ADDB2A8D}.Release|Any CPU.ActiveCfg = Release|Any CPU
		{40502A5F-06DB-454E-8405-6381ADDB2A8D}.Release|Any CPU.Build.0 = Release|Any CPU
		{0D33DC1A-049C-4213-86F3-D8B2ECC0E0D2}.Debug|Any CPU.ActiveCfg = Debug|Any CPU
		{0D33DC1A-049C-4213-86F3-D8B2ECC0E0D2}.Debug|Any CPU.Build.0 = Debug|Any CPU
		{0D33DC1A-049C-4213-86F3-D8B2ECC0E0D2}.Release|Any CPU.ActiveCfg = Release|Any CPU
		{0D33DC1A-049C-4213-86F3-D8B2ECC0E0D2}.Release|Any CPU.Build.0 = Release|Any CPU
		{2F2C4044-F820-438A-9557-75F83E7E59C7}.Debug|Any CPU.ActiveCfg = Debug|Any CPU
		{2F2C4044-F820-438A-9557-75F83E7E59C7}.Debug|Any CPU.Build.0 = Debug|Any CPU
		{2F2C4044-F820-438A-9557-75F83E7E59C7}.Release|Any CPU.ActiveCfg = Release|Any CPU
		{2F2C4044-F820-438A-9557-75F83E7E59C7}.Release|Any CPU.Build.0 = Release|Any CPU
		{5C2B09B4-4411-4AAF-B94F-68A0F5E996CA}.Debug|Any CPU.ActiveCfg = Debug|Any CPU
		{5C2B09B4-4411-4AAF-B94F-68A0F5E996CA}.Debug|Any CPU.Build.0 = Debug|Any CPU
		{5C2B09B4-4411-4AAF-B94F-68A0F5E996CA}.Release|Any CPU.ActiveCfg = Release|Any CPU
		{5C2B09B4-4411-4AAF-B94F-68A0F5E996CA}.Release|Any CPU.Build.0 = Release|Any CPU
		{D2070096-EE60-475F-852D-D357DBFF38D7}.Debug|Any CPU.ActiveCfg = Debug|Any CPU
		{D2070096-EE60-475F-852D-D357DBFF38D7}.Debug|Any CPU.Build.0 = Debug|Any CPU
		{D2070096-EE60-475F-852D-D357DBFF38D7}.Release|Any CPU.ActiveCfg = Release|Any CPU
		{D2070096-EE60-475F-852D-D357DBFF38D7}.Release|Any CPU.Build.0 = Release|Any CPU
		{8F84795C-141E-4E6C-8C56-3804046BE37D}.Debug|Any CPU.ActiveCfg = Debug|Any CPU
		{8F84795C-141E-4E6C-8C56-3804046BE37D}.Debug|Any CPU.Build.0 = Debug|Any CPU
		{8F84795C-141E-4E6C-8C56-3804046BE37D}.Release|Any CPU.ActiveCfg = Release|Any CPU
		{8F84795C-141E-4E6C-8C56-3804046BE37D}.Release|Any CPU.Build.0 = Release|Any CPU
		{308E057F-FB85-4222-8CBE-521CCCA94719}.Debug|Any CPU.ActiveCfg = Debug|Any CPU
		{308E057F-FB85-4222-8CBE-521CCCA94719}.Debug|Any CPU.Build.0 = Debug|Any CPU
		{308E057F-FB85-4222-8CBE-521CCCA94719}.Release|Any CPU.ActiveCfg = Release|Any CPU
		{308E057F-FB85-4222-8CBE-521CCCA94719}.Release|Any CPU.Build.0 = Release|Any CPU
		{3DD4D9C5-7745-414F-9AF2-CF7AC3C465D1}.Debug|Any CPU.ActiveCfg = Debug|Any CPU
		{3DD4D9C5-7745-414F-9AF2-CF7AC3C465D1}.Debug|Any CPU.Build.0 = Debug|Any CPU
		{3DD4D9C5-7745-414F-9AF2-CF7AC3C465D1}.Release|Any CPU.ActiveCfg = Release|Any CPU
		{3DD4D9C5-7745-414F-9AF2-CF7AC3C465D1}.Release|Any CPU.Build.0 = Release|Any CPU
		{3FCF0ED4-D777-4B16-A4A6-7D2FE92389B7}.Debug|Any CPU.ActiveCfg = Debug|Any CPU
		{3FCF0ED4-D777-4B16-A4A6-7D2FE92389B7}.Debug|Any CPU.Build.0 = Debug|Any CPU
		{3FCF0ED4-D777-4B16-A4A6-7D2FE92389B7}.Release|Any CPU.ActiveCfg = Release|Any CPU
		{3FCF0ED4-D777-4B16-A4A6-7D2FE92389B7}.Release|Any CPU.Build.0 = Release|Any CPU
	EndGlobalSection
	GlobalSection(SolutionProperties) = preSolution
		HideSolutionNode = FALSE
	EndGlobalSection
	GlobalSection(ExtensibilityGlobals) = postSolution
		SolutionGuid = {94FAF24F-FD40-47D7-9392-0FD42E0B35D7}
	EndGlobalSection
EndGlobal
